
Microsoft Visual Studio Solution File, Format Version 12.00
# Visual Studio Version 17
VisualStudioVersion = 17.6.33829.357
MinimumVisualStudioVersion = 10.0.40219.1
Project("{FAE04EC0-301F-11D3-BF4B-00C04F79EFBC}") = "WebApplication5", "WebApplication5\WebApplication5.csproj", "{B2F34460-E20F-48DB-8D38-7099DBE74C4B}"
EndProject
Global
	GlobalSection(SolutionConfigurationPlatforms) = preSolution
		Debug|Any CPU = Debug|Any CPU
		Release|Any CPU = Release|Any CPU
	EndGlobalSection
	GlobalSection(ProjectConfigurationPlatforms) = postSolution
		{B2F34460-E20F-48DB-8D38-7099DBE74C4B}.Debug|Any CPU.ActiveCfg = Debug|Any CPU
		{B2F34460-E20F-48DB-8D38-7099DBE74C4B}.Debug|Any CPU.Build.0 = Debug|Any CPU
		{B2F34460-E20F-48DB-8D38-7099DBE74C4B}.Release|Any CPU.ActiveCfg = Release|Any CPU
		{B2F34460-E20F-48DB-8D38-7099DBE74C4B}.Release|Any CPU.Build.0 = Release|Any CPU
	EndGlobalSection
	GlobalSection(SolutionProperties) = preSolution
		HideSolutionNode = FALSE
	EndGlobalSection
	GlobalSection(ExtensibilityGlobals) = postSolution
		SolutionGuid = {0D5CBF33-E70E-4720-876E-418C5D43D000}
	EndGlobalSection
EndGlobal
